
Microsoft Visual Studio Solution File, Format Version 12.00
# Visual Studio Version 17
VisualStudioVersion = 17.11.35222.181
MinimumVisualStudioVersion = 10.0.40219.1
Project("{FAE04EC0-301F-11D3-BF4B-00C04F79EFBC}") = "DataBaseAccess", "DataBaseAccess\DataBaseAccess.csproj", "{8D258660-81A8-4E85-9CF2-707A3629A1CC}"
EndProject
Project("{FAE04EC0-301F-11D3-BF4B-00C04F79EFBC}") = "ModelClasses", "ModelClasses\ModelClasses.csproj", "{5E5D01AB-2E63-4F38-96FC-AD99861BE7B0}"
EndProject
Project("{FAE04EC0-301F-11D3-BF4B-00C04F79EFBC}") = "BeyzaWeb", "BeyzaWeb\BeyzaWeb.csproj", "{ADE3BF24-E18E-4174-AAB5-85DBE2102644}"
EndProject
Global
	GlobalSection(SolutionConfigurationPlatforms) = preSolution
		Debug|Any CPU = Debug|Any CPU
		Release|Any CPU = Release|Any CPU
	EndGlobalSection
	GlobalSection(ProjectConfigurationPlatforms) = postSolution
		{8D258660-81A8-4E85-9CF2-707A3629A1CC}.Debug|Any CPU.ActiveCfg = Debug|Any CPU
		{8D258660-81A8-4E85-9CF2-707A3629A1CC}.Debug|Any CPU.Build.0 = Debug|Any CPU
		{8D258660-81A8-4E85-9CF2-707A3629A1CC}.Release|Any CPU.ActiveCfg = Release|Any CPU
		{8D258660-81A8-4E85-9CF2-707A3629A1CC}.Release|Any CPU.Build.0 = Release|Any CPU
		{5E5D01AB-2E63-4F38-96FC-AD99861BE7B0}.Debug|Any CPU.ActiveCfg = Debug|Any CPU
		{5E5D01AB-2E63-4F38-96FC-AD99861BE7B0}.Debug|Any CPU.Build.0 = Debug|Any CPU
		{5E5D01AB-2E63-4F38-96FC-AD99861BE7B0}.Release|Any CPU.ActiveCfg = Release|Any CPU
		{5E5D01AB-2E63-4F38-96FC-AD99861BE7B0}.Release|Any CPU.Build.0 = Release|Any CPU
		{ADE3BF24-E18E-4174-AAB5-85DBE2102644}.Debug|Any CPU.ActiveCfg = Debug|Any CPU
		{ADE3BF24-E18E-4174-AAB5-85DBE2102644}.Debug|Any CPU.Build.0 = Debug|Any CPU
		{ADE3BF24-E18E-4174-AAB5-85DBE2102644}.Release|Any CPU.ActiveCfg = Release|Any CPU
		{ADE3BF24-E18E-4174-AAB5-85DBE2102644}.Release|Any CPU.Build.0 = Release|Any CPU
	EndGlobalSection
	GlobalSection(SolutionProperties) = preSolution
		HideSolutionNode = FALSE
	EndGlobalSection
	GlobalSection(ExtensibilityGlobals) = postSolution
		SolutionGuid = {FCDBAB44-D2CF-4A52-B679-1A2D4D1E0DD3}
	EndGlobalSection
EndGlobal
